<?xml version="1.0" encoding="utf-8"?>
<Project ToolsVersion="4.0" xmlns="http://schemas.microsoft.com/developer/msbuild/2003">
  <ItemGroup>
    <Filter Include="Source Files">
      <UniqueIdentifier>{4FC737F1-C7A5-4376-A066-2A32D752A2FF}</UniqueIdentifier>
      <Extensions>cpp;c;cc;cxx;def;odl;idl;hpj;bat;asm;asmx</Extensions>
    </Filter>
    <Filter Include="Header Files">
      <UniqueIdentifier>{93995380-89BD-4b04-88EB-625FBE52EBFB}</UniqueIdentifier>
      <Extensions>h;hh;hpp;hxx;hm;inl;inc;xsd</Extensions>
    </Filter>
    <Filter Include="Resource Files">
      <UniqueIdentifier>{67DA6AB6-F800-4c08-8B7A-83BB121AAD01}</UniqueIdentifier>
      <Extensions>rc;ico;cur;bmp;dlg;rc2;rct;bin;rgs;gif;jpg;jpeg;jpe;resx;tiff;tif;png;wav;mfcribbon-ms</Extensions>
    </Filter>
    <Filter Include="Header Files\sockets">
      <UniqueIdentifier>{80bf4db9-8c32-4f38-8070-b0c119bd3115}</UniqueIdentifier>
    </Filter>
    <Filter Include="Header Files\appserver">
      <UniqueIdentifier>{afbe5dcc-ddfa-4d2e-9794-8f1a28e89e8d}</UniqueIdentifier>
    </Filter>
    <Filter Include="Source Files\appserver">
      <UniqueIdentifier>{51ad5932-875e-4a85-941a-acc708050754}</UniqueIdentifier>
    </Filter>
    <Filter Include="Source Files\sockets">
      <UniqueIdentifier>{8d572e05-041e-4321-a85d-875b447713f6}</UniqueIdentifier>
    </Filter>
    <Filter Include="Header Files\kernel">
      <UniqueIdentifier>{75d4a843-3191-44fc-99fa-f2d8003a9a07}</UniqueIdentifier>
    </Filter>
    <Filter Include="Source Files\kernel">
      <UniqueIdentifier>{3529472b-2b6e-480d-b21b-3a6af77f29c9}</UniqueIdentifier>
    </Filter>
  </ItemGroup>
  <ItemGroup>
    <ClCompile Include="..\src\movistartv.c">
      <Filter>Source Files</Filter>
    </ClCompile>
    <ClCompile Include="..\src\appserver\mvtv.c">
      <Filter>Source Files\appserver</Filter>
    </ClCompile>
    <ClCompile Include="..\src\appserver\http.c">
      <Filter>Source Files\appserver</Filter>
    </ClCompile>
    <ClCompile Include="..\src\sockets\multicast.c">
      <Filter>Source Files\sockets</Filter>
    </ClCompile>
    <ClCompile Include="..\src\kernel\filesystem.c">
      <Filter>Source Files\kernel</Filter>
    </ClCompile>
  </ItemGroup>
  <ItemGroup>
    <ClInclude Include="..\src\sockets\socket.h">
      <Filter>Header Files\sockets</Filter>
    </ClInclude>
    <ClInclude Include="..\src\appserver\mvtv.h">
      <Filter>Header Files\appserver</Filter>
    </ClInclude>
    <ClInclude Include="..\src\appserver\http.h">
      <Filter>Header Files\appserver</Filter>
    </ClInclude>
    <ClInclude Include="..\src\sockets\multicast.h">
      <Filter>Header Files\sockets</Filter>
    </ClInclude>
    <ClInclude Include="..\src\movistartv.h">
      <Filter>Header Files</Filter>
    </ClInclude>
    <ClInclude Include="..\src\kernel\filesystem.h">
      <Filter>Header Files\kernel</Filter>
    </ClInclude>
  </ItemGroup>
</Project>